{
  "name": "test",
  "version": "1.0.0",
  "lockfileVersion": 2,
  "requires": true,
  "packages": {
    "": {
      "name": "test",
      "version": "1.0.0",
      "license": "ISC",
      "dependencies": {
        "harithacalc": "^1.0.0"
      }
    },
    "node_modules/harithacalc": {
      "version": "1.0.0",
      "resolved": "https://registry.npmjs.org/harithacalc/-/harithacalc-1.0.0.tgz",
      "integrity": "sha512-V1e6Xzha6MmXPoowgR/pYTM0E68BYjVGTnuzcMwNdDjhgE0xXQeThGjI4FGBNyrcaU1gCSqP/hm3sgeCcGqDlQ=="
    }
  },
  "dependencies": {
    "harithacalc": {
      "version": "1.0.0",
      "resolved": "https://registry.npmjs.org/harithacalc/-/harithacalc-1.0.0.tgz",
      "integrity": "sha512-V1e6Xzha6MmXPoowgR/pYTM0E68BYjVGTnuzcMwNdDjhgE0xXQeThGjI4FGBNyrcaU1gCSqP/hm3sgeCcGqDlQ=="
    }
  }
}
